// !$*UTF8*$!
{
	archiveVersion = 1;
	classes = {
	};
	objectVersion = 48;
	objects = {

/* Begin PBXBuildFile section */
		D1C137501FB1C8EE00814FFF /* AppDelegate.swift in Sources */ = {isa = PBXBuildFile; fileRef = D1C1374F1FB1C8EE00814FFF /* AppDelegate.swift */; };
		D1C137521FB1C8EE00814FFF /* GameViewController.swift in Sources */ = {isa = PBXBuildFile; fileRef = D1C137511FB1C8EE00814FFF /* GameViewController.swift */; };
		D1C137541FB1C8EE00814FFF /* art.scnassets in Resources */ = {isa = PBXBuildFile; fileRef = D1C137531FB1C8EE00814FFF /* art.scnassets */; };
		D1C137561FB1C8EE00814FFF /* Assets.xcassets in Resources */ = {isa = PBXBuildFile; fileRef = D1C137551FB1C8EE00814FFF /* Assets.xcassets */; };
		D1C137591FB1C8EE00814FFF /* Main.storyboard in Resources */ = {isa = PBXBuildFile; fileRef = D1C137571FB1C8EE00814FFF /* Main.storyboard */; };
		D1C137621FB1C8FF00814FFF /* planet.swift in Sources */ = {isa = PBXBuildFile; fileRef = D1C137611FB1C8FF00814FFF /* planet.swift */; };
/* End PBXBuildFile section */

/* Begin PBXFileReference section */
		D1C1374C1FB1C8EE00814FFF /* objects.app */ = {isa = PBXFileReference; explicitFileType = wrapper.application; includeInIndex = 0; path = objects.app; sourceTree = BUILT_PRODUCTS_DIR; };
		D1C1374F1FB1C8EE00814FFF /* AppDelegate.swift */ = {isa = PBXFileReference; lastKnownFileType = sourcecode.swift; path = AppDelegate.swift; sourceTree = "<group>"; };
		D1C137511FB1C8EE00814FFF /* GameViewController.swift */ = {isa = PBXFileReference; lastKnownFileType = sourcecode.swift; path = GameViewController.swift; sourceTree = "<group>"; };
		D1C137531FB1C8EE00814FFF /* art.scnassets */ = {isa = PBXFileReference; lastKnownFileType = wrapper.scnassets; path = art.scnassets; sourceTree = "<group>"; };
		D1C137551FB1C8EE00814FFF /* Assets.xcassets */ = {isa = PBXFileReference; lastKnownFileType = folder.assetcatalog; path = Assets.xcassets; sourceTree = "<group>"; };
		D1C137581FB1C8EE00814FFF /* Base */ = {isa = PBXFileReference; lastKnownFileType = file.storyboard; name = Base; path = Base.lproj/Main.storyboard; sourceTree = "<group>"; };
		D1C1375A1FB1C8EE00814FFF /* Info.plist */ = {isa = PBXFileReference; lastKnownFileType = text.plist.xml; path = Info.plist; sourceTree = "<group>"; };
		D1C1375B1FB1C8EE00814FFF /* objects.entitlements */ = {isa = PBXFileReference; lastKnownFileType = text.plist.entitlements; path = objects.entitlements; sourceTree = "<group>"; };
		D1C137611FB1C8FF00814FFF /* planet.swift */ = {isa = PBXFileReference; lastKnownFileType = sourcecode.swift; path = planet.swift; sourceTree = "<group>"; };
/* End PBXFileReference section */

/* Begin PBXFrameworksBuildPhase section */
		D1C137491FB1C8EE00814FFF /* Frameworks */ = {
			isa = PBXFrameworksBuildPhase;
			buildActionMask = 2147483647;
			files = (
			);
			runOnlyForDeploymentPostprocessing = 0;
		};
/* End PBXFrameworksBuildPhase section */

/* Begin PBXGroup section */
		D1C137431FB1C8ED00814FFF = {
			isa = PBXGroup;
			children = (
				D1C1374E1FB1C8EE00814FFF /* objects */,
				D1C1374D1FB1C8EE00814FFF /* Products */,
			);
			sourceTree = "<group>";
		};
		D1C1374D1FB1C8EE00814FFF /* Products */ = {
			isa = PBXGroup;
			children = (
				D1C1374C1FB1C8EE00814FFF /* objects.app */,
			);
			name = Products;
			sourceTree = "<group>";
		};
		D1C1374E1FB1C8EE00814FFF /* objects */ = {
			isa = PBXGroup;
			children = (
				D1C1374F1FB1C8EE00814FFF /* AppDelegate.swift */,
				D1C137511FB1C8EE00814FFF /* GameViewController.swift */,
				D1C137611FB1C8FF00814FFF /* planet.swift */,
				D1C137531FB1C8EE00814FFF /* art.scnassets */,
				D1C137551FB1C8EE00814FFF /* Assets.xcassets */,
				D1C137571FB1C8EE00814FFF /* Main.storyboard */,
				D1C1375A1FB1C8EE00814FFF /* Info.plist */,
				D1C1375B1FB1C8EE00814FFF /* objects.entitlements */,
			);
			path = objects;
			sourceTree = "<group>";
		};
/* End PBXGroup section */

/* Begin PBXNativeTarget section */
		D1C1374B1FB1C8EE00814FFF /* objects */ = {
			isa = PBXNativeTarget;
			buildConfigurationList = D1C1375E1FB1C8EE00814FFF /* Build configuration list for PBXNativeTarget "objects" */;
			buildPhases = (
				D1C137481FB1C8EE00814FFF /* Sources */,
				D1C137491FB1C8EE00814FFF /* Frameworks */,
				D1C1374A1FB1C8EE00814FFF /* Resources */,
			);
			buildRules = (
			);
			dependencies = (
			);
			name = objects;
			productName = objects;
			productReference = D1C1374C1FB1C8EE00814FFF /* objects.app */;
			productType = "com.apple.product-type.application";
		};
/* End PBXNativeTarget section */

/* Begin PBXProject section */
		D1C137441FB1C8ED00814FFF /* Project object */ = {
			isa = PBXProject;
			attributes = {
				LastSwiftUpdateCheck = 0910;
				LastUpgradeCheck = 0910;
				ORGANIZATIONNAME = "Diego E Gonzalez";
				TargetAttributes = {
					D1C1374B1FB1C8EE00814FFF = {
						CreatedOnToolsVersion = 9.1;
						ProvisioningStyle = Automatic;
					};
				};
			};
			buildConfigurationList = D1C137471FB1C8ED00814FFF /* Build configuration list for PBXProject "objects" */;
			compatibilityVersion = "Xcode 8.0";
			developmentRegion = en;
			hasScannedForEncodings = 0;
			knownRegions = (
				en,
				Base,
			);
			mainGroup = D1C137431FB1C8ED00814FFF;
			productRefGroup = D1C1374D1FB1C8EE00814FFF /* Products */;
			projectDirPath = "";
			projectRoot = "";
			targets = (
				D1C1374B1FB1C8EE00814FFF /* objects */,
			);
		};
/* End PBXProject section */

/* Begin PBXResourcesBuildPhase section */
		D1C1374A1FB1C8EE00814FFF /* Resources */ = {
			isa = PBXResourcesBuildPhase;
			buildActionMask = 2147483647;
			files = (
				D1C137591FB1C8EE00814FFF /* Main.storyboard in Resources */,
				D1C137561FB1C8EE00814FFF /* Assets.xcassets in Resources */,
				D1C137541FB1C8EE00814FFF /* art.scnassets in Resources */,
			);
			runOnlyForDeploymentPostprocessing = 0;
		};
/* End PBXResourcesBuildPhase section */

/* Begin PBXSourcesBuildPhase section */
		D1C137481FB1C8EE00814FFF /* Sources */ = {
			isa = PBXSourcesBuildPhase;
			buildActionMask = 2147483647;
			files = (
				D1C137521FB1C8EE00814FFF /* GameViewController.swift in Sources */,
				D1C137621FB1C8FF00814FFF /* planet.swift in Sources */,
				D1C137501FB1C8EE00814FFF /* AppDelegate.swift in Sources */,
			);
			runOnlyForDeploymentPostprocessing = 0;
		};
/* End PBXSourcesBuildPhase section */

/* Begin PBXVariantGroup section */
		D1C137571FB1C8EE00814FFF /* Main.storyboard */ = {
			isa = PBXVariantGroup;
			children = (
				D1C137581FB1C8EE00814FFF /* Base */,
			);
			name = Main.storyboard;
			sourceTree = "<group>";
		};
/* End PBXVariantGroup section */

/* Begin XCBuildConfiguration section */
		D1C1375C1FB1C8EE00814FFF /* Debug */ = {
			isa = XCBuildConfiguration;
			buildSettings = {
				ALWAYS_SEARCH_USER_PATHS = NO;
				CLANG_ANALYZER_NONNULL = YES;
				CLANG_ANALYZER_NUMBER_OBJECT_CONVERSION = YES_AGGRESSIVE;
				CLANG_CXX_LANGUAGE_STANDARD = "gnu++14";
				CLANG_CXX_LIBRARY = "libc++";
				CLANG_ENABLE_MODULES = YES;
				CLANG_ENABLE_OBJC_ARC = YES;
				CLANG_WARN_BLOCK_CAPTURE_AUTORELEASING = YES;
				CLANG_WARN_BOOL_CONVERSION = YES;
				CLANG_WARN_COMMA = YES;
				CLANG_WARN_CONSTANT_CONVERSION = YES;
				CLANG_WARN_DIRECT_OBJC_ISA_USAGE = YES_ERROR;
				CLANG_WARN_DOCUMENTATION_COMMENTS = YES;
				CLANG_WARN_EMPTY_BODY = YES;
				CLANG_WARN_ENUM_CONVERSION = YES;
				CLANG_WARN_INFINITE_RECURSION = YES;
				CLANG_WARN_INT_CONVERSION = YES;
				CLANG_WARN_NON_LITERAL_NULL_CONVERSION = YES;
				CLANG_WARN_OBJC_LITERAL_CONVERSION = YES;
				CLANG_WARN_OBJC_ROOT_CLASS = YES_ERROR;
				CLANG_WARN_RANGE_LOOP_ANALYSIS = YES;
				CLANG_WARN_STRICT_PROTOTYPES = YES;
				CLANG_WARN_SUSPICIOUS_MOVE = YES;
				CLANG_WARN_UNGUARDED_AVAILABILITY = YES_AGGRESSIVE;
				CLANG_WARN_UNREACHABLE_CODE = YES;
				CLANG_WARN__DUPLICATE_METHOD_MATCH = YES;
				CODE_SIGN_IDENTITY = "-";
				COPY_PHASE_STRIP = NO;
				DEBUG_INFORMATION_FORMAT = dwarf;
				ENABLE_STRICT_OBJC_MSGSEND = YES;
				ENABLE_TESTABILITY = YES;
				GCC_C_LANGUAGE_STANDARD = gnu11;
				GCC_DYNAMIC_NO_PIC = NO;
				GCC_NO_COMMON_BLOCKS = YES;
				GCC_OPTIMIZATION_LEVEL = 0;
				GCC_PREPROCESSOR_DEFINITIONS = (
					"DEBUG=1",
					"$(inherited)",
				);
				GCC_WARN_64_TO_32_BIT_CONVERSION = YES;
				GCC_WARN_ABOUT_RETURN_TYPE = YES_ERROR;
				GCC_WARN_UNDECLARED_SELECTOR = YES;
				GCC_WARN_UNINITIALIZED_AUTOS = YES_AGGRESSIVE;
				GCC_WARN_UNUSED_FUNCTION = YES;
				GCC_WARN_UNUSED_VARIABLE = YES;
				MACOSX_DEPLOYMENT_TARGET = 10.13;
				MTL_ENABLE_DEBUG_INFO = YES;
				ONLY_ACTIVE_ARCH = YES;
				SDKROOT = macosx;
				SWIFT_ACTIVE_COMPILATION_CONDITIONS = DEBUG;
				SWIFT_OPTIMIZATION_LEVEL = "-Onone";
			};
			name = Debug;
		};
		D1C1375D1FB1C8EE00814FFF /* Release */ = {
			isa = XCBuildConfiguration;
			buildSettings = {
				ALWAYS_SEARCH_USER_PATHS = NO;
				CLANG_ANALYZER_NONNULL = YES;
				CLANG_ANALYZER_NUMBER_OBJECT_CONVERSION = YES_AGGRESSIVE;
				CLANG_CXX_LANGUAGE_STANDARD = "gnu++14";
				CLANG_CXX_LIBRARY = "libc++";
				CLANG_ENABLE_MODULES = YES;
				CLANG_ENABLE_OBJC_ARC = YES;
				CLANG_WARN_BLOCK_CAPTURE_AUTORELEASING = YES;
				CLANG_WARN_BOOL_CONVERSION = YES;
				CLANG_WARN_COMMA = YES;
				CLANG_WARN_CONSTANT_CONVERSION = YES;
				CLANG_WARN_DIRECT_OBJC_ISA_USAGE = YES_ERROR;
				CLANG_WARN_DOCUMENTATION_COMMENTS = YES;
				CLANG_WARN_EMPTY_BODY = YES;
				CLANG_WARN_ENUM_CONVERSION = YES;
				CLANG_WARN_INFINITE_RECURSION = YES;
				CLANG_WARN_INT_CONVERSION = YES;
				CLANG_WARN_NON_LITERAL_NULL_CONVERSION = YES;
				CLANG_WARN_OBJC_LITERAL_CONVERSION = YES;
				CLANG_WARN_OBJC_ROOT_CLASS = YES_ERROR;
				CLANG_WARN_RANGE_LOOP_ANALYSIS = YES;
				CLANG_WARN_STRICT_PROTOTYPES = YES;
				CLANG_WARN_SUSPICIOUS_MOVE = YES;
				CLANG_WARN_UNGUARDED_AVAILABILITY = YES_AGGRESSIVE;
				CLANG_WARN_UNREACHABLE_CODE = YES;
				CLANG_WARN__DUPLICATE_METHOD_MATCH = YES;
				CODE_SIGN_IDENTITY = "-";
				COPY_PHASE_STRIP = NO;
				DEBUG_INFORMATION_FORMAT = "dwarf-with-dsym";
				ENABLE_NS_ASSERTIONS = NO;
				ENABLE_STRICT_OBJC_MSGSEND = YES;
				GCC_C_LANGUAGE_STANDARD = gnu11;
				GCC_NO_COMMON_BLOCKS = YES;
				GCC_WARN_64_TO_32_BIT_CONVERSION = YES;
				GCC_WARN_ABOUT_RETURN_TYPE = YES_ERROR;
				GCC_WARN_UNDECLARED_SELECTOR = YES;
				GCC_WARN_UNINITIALIZED_AUTOS = YES_AGGRESSIVE;
				GCC_WARN_UNUSED_FUNCTION = YES;
				GCC_WARN_UNUSED_VARIABLE = YES;
				MACOSX_DEPLOYMENT_TARGET = 10.13;
				MTL_ENABLE_DEBUG_INFO = NO;
				SDKROOT = macosx;
				SWIFT_OPTIMIZATION_LEVEL = "-Owholemodule";
			};
			name = Release;
		};
		D1C1375F1FB1C8EE00814FFF /* Debug */ = {
			isa = XCBuildConfiguration;
			buildSettings = {
				ASSETCATALOG_COMPILER_APPICON_NAME = AppIcon;
				CODE_SIGN_ENTITLEMENTS = objects/objects.entitlements;
				CODE_SIGN_STYLE = Automatic;
				COMBINE_HIDPI_IMAGES = YES;
				INFOPLIST_FILE = objects/Info.plist;
				LD_RUNPATH_SEARCH_PATHS = "$(inherited) @executable_path/../Frameworks";
				PRODUCT_BUNDLE_IDENTIFIER = diegoegonzalez.objects;
				PRODUCT_NAME = "$(TARGET_NAME)";
				SWIFT_VERSION = 4.0;
			};
			name = Debug;
		};
		D1C137601FB1C8EE00814FFF /* Release */ = {
			isa = XCBuildConfiguration;
			buildSettings = {
				ASSETCATALOG_COMPILER_APPICON_NAME = AppIcon;
				CODE_SIGN_ENTITLEMENTS = objects/objects.entitlements;
				CODE_SIGN_STYLE = Automatic;
				COMBINE_HIDPI_IMAGES = YES;
				INFOPLIST_FILE = objects/Info.plist;
				LD_RUNPATH_SEARCH_PATHS = "$(inherited) @executable_path/../Frameworks";
				PRODUCT_BUNDLE_IDENTIFIER = diegoegonzalez.objects;
				PRODUCT_NAME = "$(TARGET_NAME)";
				SWIFT_VERSION = 4.0;
			};
			name = Release;
		};
/* End XCBuildConfiguration section */

/* Begin XCConfigurationList section */
		D1C137471FB1C8ED00814FFF /* Build configuration list for PBXProject "objects" */ = {
			isa = XCConfigurationList;
			buildConfigurations = (
				D1C1375C1FB1C8EE00814FFF /* Debug */,
				D1C1375D1FB1C8EE00814FFF /* Release */,
			);
			defaultConfigurationIsVisible = 0;
			defaultConfigurationName = Release;
		};
		D1C1375E1FB1C8EE00814FFF /* Build configuration list for PBXNativeTarget "objects" */ = {
			isa = XCConfigurationList;
			buildConfigurations = (
				D1C1375F1FB1C8EE00814FFF /* Debug */,
				D1C137601FB1C8EE00814FFF /* Release */,
			);
			defaultConfigurationIsVisible = 0;
			defaultConfigurationName = Release;
		};
/* End XCConfigurationList section */
	};
	rootObject = D1C137441FB1C8ED00814FFF /* Project object */;
}
